Microsoft Visual Studio Solution File, Format Version 12.00
# Visual Studio Version 17
VisualStudioVersion = 17.5.2.0
MinimumVisualStudioVersion = 10.0.40219.1
Project("{FAE04EC0-301F-11D3-BF4B-00C04F79EFBC}") = "miminal-api", "miminal-api.csproj", "{56229A69-2304-B6A4-8899-D751540EB7D8}"
EndProject
Global
	GlobalSection(SolutionConfigurationPlatforms) = preSolution
		Debug|Any CPU = Debug|Any CPU
		Release|Any CPU = Release|Any CPU
	EndGlobalSection
	GlobalSection(ProjectConfigurationPlatforms) = postSolution
		{56229A69-2304-B6A4-8899-D751540EB7D8}.Debug|Any CPU.ActiveCfg = Debug|Any CPU
		{56229A69-2304-B6A4-8899-D751540EB7D8}.Debug|Any CPU.Build.0 = Debug|Any CPU
		{56229A69-2304-B6A4-8899-D751540EB7D8}.Release|Any CPU.ActiveCfg = Release|Any CPU
		{56229A69-2304-B6A4-8899-D751540EB7D8}.Release|Any CPU.Build.0 = Release|Any CPU
	EndGlobalSection
	GlobalSection(SolutionProperties) = preSolution
		HideSolutionNode = FALSE
	EndGlobalSection
	GlobalSection(ExtensibilityGlobals) = postSolution
		SolutionGuid = {60C34645-23D4-4847-95F3-5AA81AA661B5}
	EndGlobalSection
EndGlobal
